
Microsoft Visual Studio Solution File, Format Version 12.00
# Visual Studio 15
VisualStudioVersion = 15.0.28307.136
MinimumVisualStudioVersion = 10.0.40219.1
Project("{2150E333-8FDC-42A3-9474-1A3956D46DE8}") = "Backend", "Backend", "{DB9CF11A-441C-4090-BACE-C74113C8AAB2}"
EndProject
Project("{2150E333-8FDC-42A3-9474-1A3956D46DE8}") = "Frontend", "Frontend", "{01EE2B4C-6D4D-465D-9C7B-5F637D54AE6A}"
	ProjectSection(SolutionItems) = preProject
		Backend\Database\packages.config = Backend\Database\packages.config
	EndProjectSection
EndProject
Project("{FAE04EC0-301F-11D3-BF4B-00C04F79EFBC}") = "Database", "Backend\Database\Database.csproj", "{2B654924-808D-4117-A0F8-9C40595744E3}"
EndProject
Project("{FAE04EC0-301F-11D3-BF4B-00C04F79EFBC}") = "SearchEngine", "Backend\SearchEngine\SearchEngine.csproj", "{B542B9E2-488B-44D6-8113-2CC636FD46A8}"
EndProject
Project("{FAE04EC0-301F-11D3-BF4B-00C04F79EFBC}") = "SearchEngineTest", "Backend\SearchEngineTest\SearchEngineTest.csproj", "{0EB51718-5AB4-42AF-BFC9-B61C7B943FE1}"
EndProject
Project("{FAE04EC0-301F-11D3-BF4B-00C04F79EFBC}") = "SearchAPI", "Backend\SearchAPI\SearchAPI.csproj", "{2E01C8AA-E6F4-4F3B-A945-2CE3EDCC1DEE}"
EndProject
Global
	GlobalSection(SolutionConfigurationPlatforms) = preSolution
		Debug|Any CPU = Debug|Any CPU
		Release|Any CPU = Release|Any CPU
	EndGlobalSection
	GlobalSection(ProjectConfigurationPlatforms) = postSolution
		{2B654924-808D-4117-A0F8-9C40595744E3}.Debug|Any CPU.ActiveCfg = Debug|Any CPU
		{2B654924-808D-4117-A0F8-9C40595744E3}.Debug|Any CPU.Build.0 = Debug|Any CPU
		{2B654924-808D-4117-A0F8-9C40595744E3}.Release|Any CPU.ActiveCfg = Release|Any CPU
		{2B654924-808D-4117-A0F8-9C40595744E3}.Release|Any CPU.Build.0 = Release|Any CPU
		{B542B9E2-488B-44D6-8113-2CC636FD46A8}.Debug|Any CPU.ActiveCfg = Debug|Any CPU
		{B542B9E2-488B-44D6-8113-2CC636FD46A8}.Debug|Any CPU.Build.0 = Debug|Any CPU
		{B542B9E2-488B-44D6-8113-2CC636FD46A8}.Release|Any CPU.ActiveCfg = Release|Any CPU
		{B542B9E2-488B-44D6-8113-2CC636FD46A8}.Release|Any CPU.Build.0 = Release|Any CPU
		{0EB51718-5AB4-42AF-BFC9-B61C7B943FE1}.Debug|Any CPU.ActiveCfg = Debug|Any CPU
		{0EB51718-5AB4-42AF-BFC9-B61C7B943FE1}.Debug|Any CPU.Build.0 = Debug|Any CPU
		{0EB51718-5AB4-42AF-BFC9-B61C7B943FE1}.Release|Any CPU.ActiveCfg = Release|Any CPU
		{0EB51718-5AB4-42AF-BFC9-B61C7B943FE1}.Release|Any CPU.Build.0 = Release|Any CPU
		{2E01C8AA-E6F4-4F3B-A945-2CE3EDCC1DEE}.Debug|Any CPU.ActiveCfg = Debug|Any CPU
		{2E01C8AA-E6F4-4F3B-A945-2CE3EDCC1DEE}.Debug|Any CPU.Build.0 = Debug|Any CPU
		{2E01C8AA-E6F4-4F3B-A945-2CE3EDCC1DEE}.Release|Any CPU.ActiveCfg = Release|Any CPU
		{2E01C8AA-E6F4-4F3B-A945-2CE3EDCC1DEE}.Release|Any CPU.Build.0 = Release|Any CPU
	EndGlobalSection
	GlobalSection(SolutionProperties) = preSolution
		HideSolutionNode = FALSE
	EndGlobalSection
	GlobalSection(NestedProjects) = preSolution
		{2B654924-808D-4117-A0F8-9C40595744E3} = {DB9CF11A-441C-4090-BACE-C74113C8AAB2}
		{B542B9E2-488B-44D6-8113-2CC636FD46A8} = {DB9CF11A-441C-4090-BACE-C74113C8AAB2}
		{0EB51718-5AB4-42AF-BFC9-B61C7B943FE1} = {DB9CF11A-441C-4090-BACE-C74113C8AAB2}
		{2E01C8AA-E6F4-4F3B-A945-2CE3EDCC1DEE} = {DB9CF11A-441C-4090-BACE-C74113C8AAB2}
	EndGlobalSection
	GlobalSection(ExtensibilityGlobals) = postSolution
		SolutionGuid = {B09664C3-0F70-4790-8353-BD34247C4BB5}
	EndGlobalSection
EndGlobal
